<?xml version="1.0" encoding="utf-8"?>
<Project ToolsVersion="4.0" xmlns="http://schemas.microsoft.com/developer/msbuild/2003">
  <ItemGroup>
    <ClCompile Include="Main.cpp" />
    <ClCompile Include="SDKClient.cpp" />
    <ClCompile Include="PlatformSpecific\Windows\ClientPlatformSpecific.cpp">
      <Filter>Platform Specific</Filter>
    </ClCompile>
  </ItemGroup>
  <ItemGroup>
    <ClInclude Include="ManusSDK.h" />
    <ClInclude Include="ManusSDKTypeInitializers.h" />
    <ClInclude Include="ManusSDKTypes.h" />
    <ClInclude Include="SDKClient.hpp" />
    <ClInclude Include="PlatformSpecific\ClientPlatformSpecific.hpp">
      <Filter>Platform Specific</Filter>
    </ClInclude>
    <ClInclude Include="PlatformSpecific\Windows\ClientPlatformSpecificTypes.hpp">
      <Filter>Platform Specific</Filter>
    </ClInclude>
    <ClInclude Include="ClientLogging.hpp" />
  </ItemGroup>
  <ItemGroup>
    <Filter Include="Platform Specific">
      <UniqueIdentifier>{cf12b9bc-fc75-4ff8-9a17-99e09e455122}</UniqueIdentifier>
    </Filter>
  </ItemGroup>
</Project>