<?xml version="1.0" encoding="utf-8"?>
<Project ToolsVersion="4.0" xmlns="http://schemas.microsoft.com/developer/msbuild/2003">
  <ItemGroup>
    <Filter Include="Platform Specific">
      <UniqueIdentifier>{a0b79a5e-a255-4bf9-bb6a-b30bb8a7098f}</UniqueIdentifier>
    </Filter>
  </ItemGroup>
  <ItemGroup>
    <ClCompile Include="SDKMinimalClient.cpp" />
    <ClCompile Include="ClientPlatformSpecific.cpp">
      <Filter>Platform Specific</Filter>
    </ClCompile>
  </ItemGroup>
  <ItemGroup>
    <ClInclude Include="SDKMinimalClient.hpp" />
    <ClInclude Include="ClientPlatformSpecific.hpp">
      <Filter>Platform Specific</Filter>
    </ClInclude>
    <ClInclude Include="ClientPlatformSpecificTypes.hpp">
      <Filter>Platform Specific</Filter>
    </ClInclude>
    <ClInclude Include="ClientLogging.hpp" />
  </ItemGroup>
</Project>